
Microsoft Visual Studio Solution File, Format Version 12.00
# Visual Studio Version 16
VisualStudioVersion = 16.0.28803.156
MinimumVisualStudioVersion = 10.0.40219.1
Project("{FAE04EC0-301F-11D3-BF4B-00C04F79EFBC}") = "Katas", "src\Katas\Katas.csproj", "{519A3312-A62D-4C6E-92C5-056052A63D4B}"
EndProject
Project("{FAE04EC0-301F-11D3-BF4B-00C04F79EFBC}") = "KataTests", "tests\KataTests\KataTests.csproj", "{F59E86B7-1108-45A5-B12D-14A83453F911}"
EndProject
Global
	GlobalSection(SolutionConfigurationPlatforms) = preSolution
		Debug|Any CPU = Debug|Any CPU
		Release|Any CPU = Release|Any CPU
	EndGlobalSection
	GlobalSection(ProjectConfigurationPlatforms) = postSolution
		{519A3312-A62D-4C6E-92C5-056052A63D4B}.Debug|Any CPU.ActiveCfg = Debug|Any CPU
		{519A3312-A62D-4C6E-92C5-056052A63D4B}.Debug|Any CPU.Build.0 = Debug|Any CPU
		{519A3312-A62D-4C6E-92C5-056052A63D4B}.Release|Any CPU.ActiveCfg = Release|Any CPU
		{519A3312-A62D-4C6E-92C5-056052A63D4B}.Release|Any CPU.Build.0 = Release|Any CPU
		{F59E86B7-1108-45A5-B12D-14A83453F911}.Debug|Any CPU.ActiveCfg = Debug|Any CPU
		{F59E86B7-1108-45A5-B12D-14A83453F911}.Debug|Any CPU.Build.0 = Debug|Any CPU
		{F59E86B7-1108-45A5-B12D-14A83453F911}.Release|Any CPU.ActiveCfg = Release|Any CPU
		{F59E86B7-1108-45A5-B12D-14A83453F911}.Release|Any CPU.Build.0 = Release|Any CPU
	EndGlobalSection
	GlobalSection(SolutionProperties) = preSolution
		HideSolutionNode = FALSE
	EndGlobalSection
	GlobalSection(ExtensibilityGlobals) = postSolution
		SolutionGuid = {7A70677D-6DE8-4E3F-95CB-46EDBD7F65A8}
	EndGlobalSection
EndGlobal
